
Microsoft Visual Studio Solution File, Format Version 12.00
# Visual Studio Version 16
VisualStudioVersion = 16.0.30002.166
MinimumVisualStudioVersion = 10.0.40219.1
Project("{FAE04EC0-301F-11D3-BF4B-00C04F79EFBC}") = "WindowsFormsApp4", "WindowsFormsApp4.csproj", "{81FD1390-A27B-41A9-8E94-D830C0C2A083}"
EndProject
Global
	GlobalSection(SolutionConfigurationPlatforms) = preSolution
		Debug|Any CPU = Debug|Any CPU
		Release|Any CPU = Release|Any CPU
	EndGlobalSection
	GlobalSection(ProjectConfigurationPlatforms) = postSolution
		{81FD1390-A27B-41A9-8E94-D830C0C2A083}.Debug|Any CPU.ActiveCfg = Debug|Any CPU
		{81FD1390-A27B-41A9-8E94-D830C0C2A083}.Debug|Any CPU.Build.0 = Debug|Any CPU
		{81FD1390-A27B-41A9-8E94-D830C0C2A083}.Release|Any CPU.ActiveCfg = Release|Any CPU
		{81FD1390-A27B-41A9-8E94-D830C0C2A083}.Release|Any CPU.Build.0 = Release|Any CPU
	EndGlobalSection
	GlobalSection(SolutionProperties) = preSolution
		HideSolutionNode = FALSE
	EndGlobalSection
	GlobalSection(ExtensibilityGlobals) = postSolution
		SolutionGuid = {9A5BAE66-20A9-492E-84BC-4F31F6BBDC47}
	EndGlobalSection
EndGlobal
