
Microsoft Visual Studio Solution File, Format Version 12.00
# Visual Studio 15
VisualStudioVersion = 15.0.28307.960
MinimumVisualStudioVersion = 10.0.40219.1
Project("{FAE04EC0-301F-11D3-BF4B-00C04F79EFBC}") = "Мафия", "Мафия\Мафия.csproj", "{B87B1B02-7510-40A8-AB2B-D18E3A26614D}"
EndProject
Global
	GlobalSection(SolutionConfigurationPlatforms) = preSolution
		Debug|Any CPU = Debug|Any CPU
		Release|Any CPU = Release|Any CPU
	EndGlobalSection
	GlobalSection(ProjectConfigurationPlatforms) = postSolution
		{B87B1B02-7510-40A8-AB2B-D18E3A26614D}.Debug|Any CPU.ActiveCfg = Debug|Any CPU
		{B87B1B02-7510-40A8-AB2B-D18E3A26614D}.Debug|Any CPU.Build.0 = Debug|Any CPU
		{B87B1B02-7510-40A8-AB2B-D18E3A26614D}.Release|Any CPU.ActiveCfg = Release|Any CPU
		{B87B1B02-7510-40A8-AB2B-D18E3A26614D}.Release|Any CPU.Build.0 = Release|Any CPU
	EndGlobalSection
	GlobalSection(SolutionProperties) = preSolution
		HideSolutionNode = FALSE
	EndGlobalSection
	GlobalSection(ExtensibilityGlobals) = postSolution
		SolutionGuid = {9B75DA3A-ECC0-4365-B50A-531730CCAC0F}
	EndGlobalSection
EndGlobal
